
Microsoft Visual Studio Solution File, Format Version 12.00
# Visual Studio Version 16
VisualStudioVersion = 16.0.31229.75
MinimumVisualStudioVersion = 10.0.40219.1
Project("{FAE04EC0-301F-11D3-BF4B-00C04F79EFBC}") = "Middleware", "Middleware\Middleware.csproj", "{59AD857C-AC10-4E89-AE12-F8920ACEE38E}"
EndProject
Global
	GlobalSection(SolutionConfigurationPlatforms) = preSolution
		Debug|Any CPU = Debug|Any CPU
		Release|Any CPU = Release|Any CPU
	EndGlobalSection
	GlobalSection(ProjectConfigurationPlatforms) = postSolution
		{59AD857C-AC10-4E89-AE12-F8920ACEE38E}.Debug|Any CPU.ActiveCfg = Debug|Any CPU
		{59AD857C-AC10-4E89-AE12-F8920ACEE38E}.Debug|Any CPU.Build.0 = Debug|Any CPU
		{59AD857C-AC10-4E89-AE12-F8920ACEE38E}.Release|Any CPU.ActiveCfg = Release|Any CPU
		{59AD857C-AC10-4E89-AE12-F8920ACEE38E}.Release|Any CPU.Build.0 = Release|Any CPU
	EndGlobalSection
	GlobalSection(SolutionProperties) = preSolution
		HideSolutionNode = FALSE
	EndGlobalSection
	GlobalSection(ExtensibilityGlobals) = postSolution
		SolutionGuid = {D7FFA428-B65E-4D82-A3D7-1B500689499D}
	EndGlobalSection
EndGlobal
